
Microsoft Visual Studio Solution File, Format Version 12.00
# Visual Studio Version 16
VisualStudioVersion = 16.0.29609.76
MinimumVisualStudioVersion = 10.0.40219.1
Project("{FAE04EC0-301F-11D3-BF4B-00C04F79EFBC}") = "BankDashboard", "BankDashboard\BankDashboard.csproj", "{3089E102-72EE-4497-B34F-33ED867F42F3}"
EndProject
Project("{FAE04EC0-301F-11D3-BF4B-00C04F79EFBC}") = "BankLibrary", "BankLibrary\BankLibrary.csproj", "{BFE1D026-E335-42B5-B51F-CA2779513DBA}"
EndProject
Global
	GlobalSection(SolutionConfigurationPlatforms) = preSolution
		Debug|Any CPU = Debug|Any CPU
		Release|Any CPU = Release|Any CPU
	EndGlobalSection
	GlobalSection(ProjectConfigurationPlatforms) = postSolution
		{3089E102-72EE-4497-B34F-33ED867F42F3}.Debug|Any CPU.ActiveCfg = Debug|Any CPU
		{3089E102-72EE-4497-B34F-33ED867F42F3}.Debug|Any CPU.Build.0 = Debug|Any CPU
		{3089E102-72EE-4497-B34F-33ED867F42F3}.Release|Any CPU.ActiveCfg = Release|Any CPU
		{3089E102-72EE-4497-B34F-33ED867F42F3}.Release|Any CPU.Build.0 = Release|Any CPU
		{BFE1D026-E335-42B5-B51F-CA2779513DBA}.Debug|Any CPU.ActiveCfg = Debug|Any CPU
		{BFE1D026-E335-42B5-B51F-CA2779513DBA}.Debug|Any CPU.Build.0 = Debug|Any CPU
		{BFE1D026-E335-42B5-B51F-CA2779513DBA}.Release|Any CPU.ActiveCfg = Release|Any CPU
		{BFE1D026-E335-42B5-B51F-CA2779513DBA}.Release|Any CPU.Build.0 = Release|Any CPU
	EndGlobalSection
	GlobalSection(SolutionProperties) = preSolution
		HideSolutionNode = FALSE
	EndGlobalSection
	GlobalSection(ExtensibilityGlobals) = postSolution
		SolutionGuid = {B0CEF979-6445-4E20-AFF3-454E809AB695}
	EndGlobalSection
EndGlobal
